
Microsoft Visual Studio Solution File, Format Version 12.00
# Visual Studio Version 16
VisualStudioVersion = 16.0.31019.35
MinimumVisualStudioVersion = 10.0.40219.1
Project("{FAE04EC0-301F-11D3-BF4B-00C04F79EFBC}") = "MvcCoreCochesCosmosDb", "MvcCoreCochesCosmosDb\MvcCoreCochesCosmosDb.csproj", "{533A03D7-1AE6-418E-922A-19CE37420706}"
EndProject
Global
	GlobalSection(SolutionConfigurationPlatforms) = preSolution
		Debug|Any CPU = Debug|Any CPU
		Release|Any CPU = Release|Any CPU
	EndGlobalSection
	GlobalSection(ProjectConfigurationPlatforms) = postSolution
		{533A03D7-1AE6-418E-922A-19CE37420706}.Debug|Any CPU.ActiveCfg = Debug|Any CPU
		{533A03D7-1AE6-418E-922A-19CE37420706}.Debug|Any CPU.Build.0 = Debug|Any CPU
		{533A03D7-1AE6-418E-922A-19CE37420706}.Release|Any CPU.ActiveCfg = Release|Any CPU
		{533A03D7-1AE6-418E-922A-19CE37420706}.Release|Any CPU.Build.0 = Release|Any CPU
	EndGlobalSection
	GlobalSection(SolutionProperties) = preSolution
		HideSolutionNode = FALSE
	EndGlobalSection
	GlobalSection(ExtensibilityGlobals) = postSolution
		SolutionGuid = {2EFB612E-78C6-42EA-96FB-F696C59F4139}
	EndGlobalSection
EndGlobal
